github.com/Heyxk/gologs v0.0.0-20200829100939-ca2f3edac95e h1:mvT32Bsr8MQdKgZQj/zJmpnpvXhdRDvYZyp7snYYzxA=
github.com/Heyxk/gologs v0.0.0-20200829100939-ca2f3edac95e/go.mod h1:P4P9arv0be+y61gmZ5tsR+GlJJEYvnbQTvPTJg1OB/M=
github.com/cloudflare/golz4 v0.0.0-20150217214814-ef862a3cdc58 h1:F1EaeKL/ta07PY/k9Os/UFtwERei2/XzGemhpGnBKNg=
github.com/cloudflare/golz4 v0.0.0-20150217214814-ef862a3cdc58/go.mod h1:EOBUe0h4xcZ5GoxqC5SDxFQ8gwyZPKQoEzownBlhI80=
github.com/elastic/go-elasticsearch/v6 v6.8.10 h1:2lN0gJ93gMBXvkhwih5xquldszpm8FlUwqG5sPzr6a8=
github.com/elastic/go-elasticsearch/v6 v6.8.10/go.mod h1:UwaDJsD3rWLM5rKNFzv9hgox93HoX8utj1kxD9aFUcI=
github.com/gogo/protobuf v1.3.1 h1:DqDEcV5aeaTmdFBePNpYsp3FlcVH/2ISVVM9Qf8PSls=
github.com/gogo/protobuf v1.3.1/go.mod h1:SlYgWuQ5SjCEi6WLHjHCa1yvBfUnHcTbrrZtXPKa29o=
github.com/kisielk/errcheck v1.2.0/go.mod h1:/BMXB+zMLi60iA8Vv6Ksmxu/1UDYcXs4uQLJ+jE2L00=
github.com/kisielk/gotool v1.0.0/go.mod h1:XhKaO+MFFWcvkIS/tQcRk01m1F5IRFswLeQ+oQHNcck=
github.com/shiena/ansicolor v0.0.0-20200828132404-15bd6b44746e h1:VCeUEUSnL4mqNNOxw/ZVGRu1tMJTJsKKvGob0GO4cuI=
github.com/shiena/ansicolor v0.0.0-20200828132404-15bd6b44746e/go.mod h1:nkxAfR/5quYxwPZhyDxgasBMnRtBZd0FCEpawpjMUFg=
golang.org/x/tools v0.0.0-20181030221726-6c7e314b6563/go.mod h1:n7NCudcB/nEzxVGmLbDWY5pfWTLqBcC2KZ6jyYvM4mQ=
